
Microsoft Visual Studio Solution File, Format Version 12.00
# Visual Studio Version 17
VisualStudioVersion = 17.2.32210.308
MinimumVisualStudioVersion = 15.0.26124.0
Project("{2150E333-8FDC-42A3-9474-1A3956D46DE8}") = "Tests", "Tests", "{8BB1CBB1-9E1D-4C6F-8664-F503ACFA2E71}"
EndProject
Project("{2150E333-8FDC-42A3-9474-1A3956D46DE8}") = "Source", "Source", "{2F8E6E1B-6C2A-4B7D-9C3E-1A2B3C4D5E6F}"
EndProject
Project("{9A19103F-16F7-4668-BE54-9A1E7A4F7556}") = "OutMapper", "Source\OutMapper\OutMapper.csproj", "{A13FD5C2-3AE4-408E-8754-FA232B96C7AE}"
EndProject
Project("{9A19103F-16F7-4668-BE54-9A1E7A4F7556}") = "OutMapper.Tests", "Tests\OutMapper.Tests\OutMapper.Tests.csproj", "{C4A26D50-9725-4E4F-9C72-0BCF719E38E9}"
EndProject
Project("{2150E333-8FDC-42A3-9474-1A3956D46DE8}") = "Solution Items", "Solution Items", "{BADA71DC-7FFD-4EDC-9F28-FB74AEADC713}"
	ProjectSection(SolutionItems) = preProject
		.editorconfig = .editorconfig
		.gitignore = .gitignore
		.vsconfig = .vsconfig
		Directory.Build.props = Directory.Build.props
		Directory.Build.targets = Directory.Build.targets
		Directory.Packages.props = Directory.Packages.props
		global.json = global.json
	EndProjectSection
EndProject
Project("{FAE04EC0-301F-11D3-BF4B-00C04F79EFBC}") = "TaskManager", "Source\TaskManager\TaskManager.csproj", "{2A16BA0B-1E26-4574-9F91-AEF9B0DBE6B1}"
EndProject
Project("{FAE04EC0-301F-11D3-BF4B-00C04F79EFBC}") = "Messages", "Source\Messages\Messages.csproj", "{865BAA98-E531-425E-9DDD-9D569D1297CD}"
EndProject
Project("{FAE04EC0-301F-11D3-BF4B-00C04F79EFBC}") = "DataStructures", "Source\DataStructures\DataStructures.csproj", "{CCBFAC65-B742-47B3-8F1F-9E90FFA4AAF8}"
EndProject
Project("{FAE04EC0-301F-11D3-BF4B-00C04F79EFBC}") = "Algorithms", "Source\Algorithms\Algorithms.csproj", "{08E4602A-1433-49DA-A595-16DA9717BBCF}"
EndProject
Project("{FAE04EC0-301F-11D3-BF4B-00C04F79EFBC}") = "DataStructures.Tests", "Tests\DataStructures.Tests\DataStructures.Tests.csproj", "{930D252E-CF42-4BD1-9B58-DEA6D9326C10}"
EndProject
Project("{FAE04EC0-301F-11D3-BF4B-00C04F79EFBC}") = "Algorithms.Tests", "Tests\Algorithms.Tests\Algorithms.Tests.csproj", "{78ACB5F8-7184-4308-A9F5-AEA0CA5FDC48}"
EndProject
Project("{FAE04EC0-301F-11D3-BF4B-00C04F79EFBC}") = "TaskManager.Tests", "Tests\TaskManager.Tests\TaskManager.Tests.csproj", "{B8E02477-A2A1-4FE7-AA6A-4B28846A6130}"
EndProject
Project("{FAE04EC0-301F-11D3-BF4B-00C04F79EFBC}") = "TestSupport", "Tests\TestSupport\TestSupport.csproj", "{E4BE91AA-65DE-420C-B5B8-BBEF35614F87}"
EndProject
Global
	GlobalSection(SolutionConfigurationPlatforms) = preSolution
		Debug|Any CPU = Debug|Any CPU
		Debug|ARM = Debug|ARM
		Debug|ARM64 = Debug|ARM64
		Debug|iPhone = Debug|iPhone
		Debug|iPhoneSimulator = Debug|iPhoneSimulator
		Debug|x64 = Debug|x64
		Debug|x86 = Debug|x86
		Release|Any CPU = Release|Any CPU
		Release|ARM = Release|ARM
		Release|ARM64 = Release|ARM64
		Release|iPhone = Release|iPhone
		Release|iPhoneSimulator = Release|iPhoneSimulator
		Release|x64 = Release|x64
		Release|x86 = Release|x86
	EndGlobalSection
	GlobalSection(ProjectConfigurationPlatforms) = postSolution
		{A13FD5C2-3AE4-408E-8754-FA232B96C7AE}.Debug|Any CPU.ActiveCfg = Debug|Any CPU
		{A13FD5C2-3AE4-408E-8754-FA232B96C7AE}.Debug|Any CPU.Build.0 = Debug|Any CPU
		{A13FD5C2-3AE4-408E-8754-FA232B96C7AE}.Debug|Any CPU.Deploy.0 = Debug|Any CPU
		{A13FD5C2-3AE4-408E-8754-FA232B96C7AE}.Debug|ARM.ActiveCfg = Debug|Any CPU
		{A13FD5C2-3AE4-408E-8754-FA232B96C7AE}.Debug|ARM.Build.0 = Debug|Any CPU
		{A13FD5C2-3AE4-408E-8754-FA232B96C7AE}.Debug|ARM.Deploy.0 = Debug|Any CPU
		{A13FD5C2-3AE4-408E-8754-FA232B96C7AE}.Debug|ARM64.ActiveCfg = Debug|Any CPU
		{A13FD5C2-3AE4-408E-8754-FA232B96C7AE}.Debug|ARM64.Build.0 = Debug|Any CPU
		{A13FD5C2-3AE4-408E-8754-FA232B96C7AE}.Debug|ARM64.Deploy.0 = Debug|Any CPU
		{A13FD5C2-3AE4-408E-8754-FA232B96C7AE}.Debug|iPhone.ActiveCfg = Debug|Any CPU
		{A13FD5C2-3AE4-408E-8754-FA232B96C7AE}.Debug|iPhone.Build.0 = Debug|Any CPU
		{A13FD5C2-3AE4-408E-8754-FA232B96C7AE}.Debug|iPhone.Deploy.0 = Debug|Any CPU
		{A13FD5C2-3AE4-408E-8754-FA232B96C7AE}.Debug|iPhoneSimulator.ActiveCfg = Debug|Any CPU
		{A13FD5C2-3AE4-408E-8754-FA232B96C7AE}.Debug|iPhoneSimulator.Build.0 = Debug|Any CPU
		{A13FD5C2-3AE4-408E-8754-FA232B96C7AE}.Debug|iPhoneSimulator.Deploy.0 = Debug|Any CPU
		{A13FD5C2-3AE4-408E-8754-FA232B96C7AE}.Debug|x64.ActiveCfg = Debug|Any CPU
		{A13FD5C2-3AE4-408E-8754-FA232B96C7AE}.Debug|x64.Build.0 = Debug|Any CPU
		{A13FD5C2-3AE4-408E-8754-FA232B96C7AE}.Debug|x64.Deploy.0 = Debug|Any CPU
		{A13FD5C2-3AE4-408E-8754-FA232B96C7AE}.Debug|x86.ActiveCfg = Debug|Any CPU
		{A13FD5C2-3AE4-408E-8754-FA232B96C7AE}.Debug|x86.Build.0 = Debug|Any CPU
		{A13FD5C2-3AE4-408E-8754-FA232B96C7AE}.Debug|x86.Deploy.0 = Debug|Any CPU
		{A13FD5C2-3AE4-408E-8754-FA232B96C7AE}.Release|Any CPU.ActiveCfg = Release|Any CPU
		{A13FD5C2-3AE4-408E-8754-FA232B96C7AE}.Release|Any CPU.Build.0 = Release|Any CPU
		{A13FD5C2-3AE4-408E-8754-FA232B96C7AE}.Release|Any CPU.Deploy.0 = Release|Any CPU
		{A13FD5C2-3AE4-408E-8754-FA232B96C7AE}.Release|ARM.ActiveCfg = Release|Any CPU
		{A13FD5C2-3AE4-408E-8754-FA232B96C7AE}.Release|ARM.Build.0 = Release|Any CPU
		{A13FD5C2-3AE4-408E-8754-FA232B96C7AE}.Release|ARM.Deploy.0 = Release|Any CPU
		{A13FD5C2-3AE4-408E-8754-FA232B96C7AE}.Release|ARM64.ActiveCfg = Release|Any CPU
		{A13FD5C2-3AE4-408E-8754-FA232B96C7AE}.Release|ARM64.Build.0 = Release|Any CPU
		{A13FD5C2-3AE4-408E-8754-FA232B96C7AE}.Release|ARM64.Deploy.0 = Release|Any CPU
		{A13FD5C2-3AE4-408E-8754-FA232B96C7AE}.Release|iPhone.ActiveCfg = Release|Any CPU
		{A13FD5C2-3AE4-408E-8754-FA232B96C7AE}.Release|iPhone.Build.0 = Release|Any CPU
		{A13FD5C2-3AE4-408E-8754-FA232B96C7AE}.Release|iPhone.Deploy.0 = Release|Any CPU
		{A13FD5C2-3AE4-408E-8754-FA232B96C7AE}.Release|iPhoneSimulator.ActiveCfg = Release|Any CPU
		{A13FD5C2-3AE4-408E-8754-FA232B96C7AE}.Release|iPhoneSimulator.Build.0 = Release|Any CPU
		{A13FD5C2-3AE4-408E-8754-FA232B96C7AE}.Release|iPhoneSimulator.Deploy.0 = Release|Any CPU
		{A13FD5C2-3AE4-408E-8754-FA232B96C7AE}.Release|x64.ActiveCfg = Release|Any CPU
		{A13FD5C2-3AE4-408E-8754-FA232B96C7AE}.Release|x64.Build.0 = Release|Any CPU
		{A13FD5C2-3AE4-408E-8754-FA232B96C7AE}.Release|x64.Deploy.0 = Release|Any CPU
		{A13FD5C2-3AE4-408E-8754-FA232B96C7AE}.Release|x86.ActiveCfg = Release|Any CPU
		{A13FD5C2-3AE4-408E-8754-FA232B96C7AE}.Release|x86.Build.0 = Release|Any CPU
		{A13FD5C2-3AE4-408E-8754-FA232B96C7AE}.Release|x86.Deploy.0 = Release|Any CPU
		{C4A26D50-9725-4E4F-9C72-0BCF719E38E9}.Debug|Any CPU.ActiveCfg = Debug|Any CPU
		{C4A26D50-9725-4E4F-9C72-0BCF719E38E9}.Debug|Any CPU.Build.0 = Debug|Any CPU
		{C4A26D50-9725-4E4F-9C72-0BCF719E38E9}.Debug|ARM.ActiveCfg = Debug|Any CPU
		{C4A26D50-9725-4E4F-9C72-0BCF719E38E9}.Debug|ARM.Build.0 = Debug|Any CPU
		{C4A26D50-9725-4E4F-9C72-0BCF719E38E9}.Debug|ARM64.ActiveCfg = Debug|Any CPU
		{C4A26D50-9725-4E4F-9C72-0BCF719E38E9}.Debug|ARM64.Build.0 = Debug|Any CPU
		{C4A26D50-9725-4E4F-9C72-0BCF719E38E9}.Debug|iPhone.ActiveCfg = Debug|Any CPU
		{C4A26D50-9725-4E4F-9C72-0BCF719E38E9}.Debug|iPhone.Build.0 = Debug|Any CPU
		{C4A26D50-9725-4E4F-9C72-0BCF719E38E9}.Debug|iPhoneSimulator.ActiveCfg = Debug|Any CPU
		{C4A26D50-9725-4E4F-9C72-0BCF719E38E9}.Debug|iPhoneSimulator.Build.0 = Debug|Any CPU
		{C4A26D50-9725-4E4F-9C72-0BCF719E38E9}.Debug|x64.ActiveCfg = Debug|Any CPU
		{C4A26D50-9725-4E4F-9C72-0BCF719E38E9}.Debug|x64.Build.0 = Debug|Any CPU
		{C4A26D50-9725-4E4F-9C72-0BCF719E38E9}.Debug|x86.ActiveCfg = Debug|Any CPU
		{C4A26D50-9725-4E4F-9C72-0BCF719E38E9}.Debug|x86.Build.0 = Debug|Any CPU
		{C4A26D50-9725-4E4F-9C72-0BCF719E38E9}.Release|Any CPU.ActiveCfg = Release|Any CPU
		{C4A26D50-9725-4E4F-9C72-0BCF719E38E9}.Release|Any CPU.Build.0 = Release|Any CPU
		{C4A26D50-9725-4E4F-9C72-0BCF719E38E9}.Release|ARM.ActiveCfg = Release|Any CPU
		{C4A26D50-9725-4E4F-9C72-0BCF719E38E9}.Release|ARM.Build.0 = Release|Any CPU
		{C4A26D50-9725-4E4F-9C72-0BCF719E38E9}.Release|ARM64.ActiveCfg = Release|Any CPU
		{C4A26D50-9725-4E4F-9C72-0BCF719E38E9}.Release|ARM64.Build.0 = Release|Any CPU
		{C4A26D50-9725-4E4F-9C72-0BCF719E38E9}.Release|iPhone.ActiveCfg = Release|Any CPU
		{C4A26D50-9725-4E4F-9C72-0BCF719E38E9}.Release|iPhone.Build.0 = Release|Any CPU
		{C4A26D50-9725-4E4F-9C72-0BCF719E38E9}.Release|iPhoneSimulator.ActiveCfg = Release|Any CPU
		{C4A26D50-9725-4E4F-9C72-0BCF719E38E9}.Release|iPhoneSimulator.Build.0 = Release|Any CPU
		{C4A26D50-9725-4E4F-9C72-0BCF719E38E9}.Release|x64.ActiveCfg = Release|Any CPU
		{C4A26D50-9725-4E4F-9C72-0BCF719E38E9}.Release|x64.Build.0 = Release|Any CPU
		{C4A26D50-9725-4E4F-9C72-0BCF719E38E9}.Release|x86.ActiveCfg = Release|Any CPU
		{C4A26D50-9725-4E4F-9C72-0BCF719E38E9}.Release|x86.Build.0 = Release|Any CPU
		{2A16BA0B-1E26-4574-9F91-AEF9B0DBE6B1}.Debug|Any CPU.ActiveCfg = Debug|Any CPU
		{2A16BA0B-1E26-4574-9F91-AEF9B0DBE6B1}.Debug|Any CPU.Build.0 = Debug|Any CPU
		{2A16BA0B-1E26-4574-9F91-AEF9B0DBE6B1}.Debug|ARM.ActiveCfg = Debug|Any CPU
		{2A16BA0B-1E26-4574-9F91-AEF9B0DBE6B1}.Debug|ARM.Build.0 = Debug|Any CPU
		{2A16BA0B-1E26-4574-9F91-AEF9B0DBE6B1}.Debug|ARM64.ActiveCfg = Debug|Any CPU
		{2A16BA0B-1E26-4574-9F91-AEF9B0DBE6B1}.Debug|ARM64.Build.0 = Debug|Any CPU
		{2A16BA0B-1E26-4574-9F91-AEF9B0DBE6B1}.Debug|iPhone.ActiveCfg = Debug|Any CPU
		{2A16BA0B-1E26-4574-9F91-AEF9B0DBE6B1}.Debug|iPhone.Build.0 = Debug|Any CPU
		{2A16BA0B-1E26-4574-9F91-AEF9B0DBE6B1}.Debug|iPhoneSimulator.ActiveCfg = Debug|Any CPU
		{2A16BA0B-1E26-4574-9F91-AEF9B0DBE6B1}.Debug|iPhoneSimulator.Build.0 = Debug|Any CPU
		{2A16BA0B-1E26-4574-9F91-AEF9B0DBE6B1}.Debug|x64.ActiveCfg = Debug|Any CPU
		{2A16BA0B-1E26-4574-9F91-AEF9B0DBE6B1}.Debug|x64.Build.0 = Debug|Any CPU
		{2A16BA0B-1E26-4574-9F91-AEF9B0DBE6B1}.Debug|x86.ActiveCfg = Debug|Any CPU
		{2A16BA0B-1E26-4574-9F91-AEF9B0DBE6B1}.Debug|x86.Build.0 = Debug|Any CPU
		{2A16BA0B-1E26-4574-9F91-AEF9B0DBE6B1}.Release|Any CPU.ActiveCfg = Release|Any CPU
		{2A16BA0B-1E26-4574-9F91-AEF9B0DBE6B1}.Release|Any CPU.Build.0 = Release|Any CPU
		{2A16BA0B-1E26-4574-9F91-AEF9B0DBE6B1}.Release|ARM.ActiveCfg = Release|Any CPU
		{2A16BA0B-1E26-4574-9F91-AEF9B0DBE6B1}.Release|ARM.Build.0 = Release|Any CPU
		{2A16BA0B-1E26-4574-9F91-AEF9B0DBE6B1}.Release|ARM64.ActiveCfg = Release|Any CPU
		{2A16BA0B-1E26-4574-9F91-AEF9B0DBE6B1}.Release|ARM64.Build.0 = Release|Any CPU
		{2A16BA0B-1E26-4574-9F91-AEF9B0DBE6B1}.Release|iPhone.ActiveCfg = Release|Any CPU
		{2A16BA0B-1E26-4574-9F91-AEF9B0DBE6B1}.Release|iPhone.Build.0 = Release|Any CPU
		{2A16BA0B-1E26-4574-9F91-AEF9B0DBE6B1}.Release|iPhoneSimulator.ActiveCfg = Release|Any CPU
		{2A16BA0B-1E26-4574-9F91-AEF9B0DBE6B1}.Release|iPhoneSimulator.Build.0 = Release|Any CPU
		{2A16BA0B-1E26-4574-9F91-AEF9B0DBE6B1}.Release|x64.ActiveCfg = Release|Any CPU
		{2A16BA0B-1E26-4574-9F91-AEF9B0DBE6B1}.Release|x64.Build.0 = Release|Any CPU
		{2A16BA0B-1E26-4574-9F91-AEF9B0DBE6B1}.Release|x86.ActiveCfg = Release|Any CPU
		{2A16BA0B-1E26-4574-9F91-AEF9B0DBE6B1}.Release|x86.Build.0 = Release|Any CPU
		{865BAA98-E531-425E-9DDD-9D569D1297CD}.Debug|Any CPU.ActiveCfg = Debug|Any CPU
		{865BAA98-E531-425E-9DDD-9D569D1297CD}.Debug|Any CPU.Build.0 = Debug|Any CPU
		{865BAA98-E531-425E-9DDD-9D569D1297CD}.Debug|ARM.ActiveCfg = Debug|Any CPU
		{865BAA98-E531-425E-9DDD-9D569D1297CD}.Debug|ARM.Build.0 = Debug|Any CPU
		{865BAA98-E531-425E-9DDD-9D569D1297CD}.Debug|ARM64.ActiveCfg = Debug|Any CPU
		{865BAA98-E531-425E-9DDD-9D569D1297CD}.Debug|ARM64.Build.0 = Debug|Any CPU
		{865BAA98-E531-425E-9DDD-9D569D1297CD}.Debug|iPhone.ActiveCfg = Debug|Any CPU
		{865BAA98-E531-425E-9DDD-9D569D1297CD}.Debug|iPhone.Build.0 = Debug|Any CPU
		{865BAA98-E531-425E-9DDD-9D569D1297CD}.Debug|iPhoneSimulator.ActiveCfg = Debug|Any CPU
		{865BAA98-E531-425E-9DDD-9D569D1297CD}.Debug|iPhoneSimulator.Build.0 = Debug|Any CPU
		{865BAA98-E531-425E-9DDD-9D569D1297CD}.Debug|x64.ActiveCfg = Debug|Any CPU
		{865BAA98-E531-425E-9DDD-9D569D1297CD}.Debug|x64.Build.0 = Debug|Any CPU
		{865BAA98-E531-425E-9DDD-9D569D1297CD}.Debug|x86.ActiveCfg = Debug|Any CPU
		{865BAA98-E531-425E-9DDD-9D569D1297CD}.Debug|x86.Build.0 = Debug|Any CPU
		{865BAA98-E531-425E-9DDD-9D569D1297CD}.Release|Any CPU.ActiveCfg = Release|Any CPU
		{865BAA98-E531-425E-9DDD-9D569D1297CD}.Release|Any CPU.Build.0 = Release|Any CPU
		{865BAA98-E531-425E-9DDD-9D569D1297CD}.Release|ARM.ActiveCfg = Release|Any CPU
		{865BAA98-E531-425E-9DDD-9D569D1297CD}.Release|ARM.Build.0 = Release|Any CPU
		{865BAA98-E531-425E-9DDD-9D569D1297CD}.Release|ARM64.ActiveCfg = Release|Any CPU
		{865BAA98-E531-425E-9DDD-9D569D1297CD}.Release|ARM64.Build.0 = Release|Any CPU
		{865BAA98-E531-425E-9DDD-9D569D1297CD}.Release|iPhone.ActiveCfg = Release|Any CPU
		{865BAA98-E531-425E-9DDD-9D569D1297CD}.Release|iPhone.Build.0 = Release|Any CPU
		{865BAA98-E531-425E-9DDD-9D569D1297CD}.Release|iPhoneSimulator.ActiveCfg = Release|Any CPU
		{865BAA98-E531-425E-9DDD-9D569D1297CD}.Release|iPhoneSimulator.Build.0 = Release|Any CPU
		{865BAA98-E531-425E-9DDD-9D569D1297CD}.Release|x64.ActiveCfg = Release|Any CPU
		{865BAA98-E531-425E-9DDD-9D569D1297CD}.Release|x64.Build.0 = Release|Any CPU
		{865BAA98-E531-425E-9DDD-9D569D1297CD}.Release|x86.ActiveCfg = Release|Any CPU
		{865BAA98-E531-425E-9DDD-9D569D1297CD}.Release|x86.Build.0 = Release|Any CPU
		{CCBFAC65-B742-47B3-8F1F-9E90FFA4AAF8}.Debug|Any CPU.ActiveCfg = Debug|Any CPU
		{CCBFAC65-B742-47B3-8F1F-9E90FFA4AAF8}.Debug|Any CPU.Build.0 = Debug|Any CPU
		{CCBFAC65-B742-47B3-8F1F-9E90FFA4AAF8}.Debug|ARM.ActiveCfg = Debug|Any CPU
		{CCBFAC65-B742-47B3-8F1F-9E90FFA4AAF8}.Debug|ARM.Build.0 = Debug|Any CPU
		{CCBFAC65-B742-47B3-8F1F-9E90FFA4AAF8}.Debug|ARM64.ActiveCfg = Debug|Any CPU
		{CCBFAC65-B742-47B3-8F1F-9E90FFA4AAF8}.Debug|ARM64.Build.0 = Debug|Any CPU
		{CCBFAC65-B742-47B3-8F1F-9E90FFA4AAF8}.Debug|iPhone.ActiveCfg = Debug|Any CPU
		{CCBFAC65-B742-47B3-8F1F-9E90FFA4AAF8}.Debug|iPhone.Build.0 = Debug|Any CPU
		{CCBFAC65-B742-47B3-8F1F-9E90FFA4AAF8}.Debug|iPhoneSimulator.ActiveCfg = Debug|Any CPU
		{CCBFAC65-B742-47B3-8F1F-9E90FFA4AAF8}.Debug|iPhoneSimulator.Build.0 = Debug|Any CPU
		{CCBFAC65-B742-47B3-8F1F-9E90FFA4AAF8}.Debug|x64.ActiveCfg = Debug|Any CPU
		{CCBFAC65-B742-47B3-8F1F-9E90FFA4AAF8}.Debug|x64.Build.0 = Debug|Any CPU
		{CCBFAC65-B742-47B3-8F1F-9E90FFA4AAF8}.Debug|x86.ActiveCfg = Debug|Any CPU
		{CCBFAC65-B742-47B3-8F1F-9E90FFA4AAF8}.Debug|x86.Build.0 = Debug|Any CPU
		{CCBFAC65-B742-47B3-8F1F-9E90FFA4AAF8}.Release|Any CPU.ActiveCfg = Release|Any CPU
		{CCBFAC65-B742-47B3-8F1F-9E90FFA4AAF8}.Release|Any CPU.Build.0 = Release|Any CPU
		{CCBFAC65-B742-47B3-8F1F-9E90FFA4AAF8}.Release|ARM.ActiveCfg = Release|Any CPU
		{CCBFAC65-B742-47B3-8F1F-9E90FFA4AAF8}.Release|ARM.Build.0 = Release|Any CPU
		{CCBFAC65-B742-47B3-8F1F-9E90FFA4AAF8}.Release|ARM64.ActiveCfg = Release|Any CPU
		{CCBFAC65-B742-47B3-8F1F-9E90FFA4AAF8}.Release|ARM64.Build.0 = Release|Any CPU
		{CCBFAC65-B742-47B3-8F1F-9E90FFA4AAF8}.Release|iPhone.ActiveCfg = Release|Any CPU
		{CCBFAC65-B742-47B3-8F1F-9E90FFA4AAF8}.Release|iPhone.Build.0 = Release|Any CPU
		{CCBFAC65-B742-47B3-8F1F-9E90FFA4AAF8}.Release|iPhoneSimulator.ActiveCfg = Release|Any CPU
		{CCBFAC65-B742-47B3-8F1F-9E90FFA4AAF8}.Release|iPhoneSimulator.Build.0 = Release|Any CPU
		{CCBFAC65-B742-47B3-8F1F-9E90FFA4AAF8}.Release|x64.ActiveCfg = Release|Any CPU
		{CCBFAC65-B742-47B3-8F1F-9E90FFA4AAF8}.Release|x64.Build.0 = Release|Any CPU
		{CCBFAC65-B742-47B3-8F1F-9E90FFA4AAF8}.Release|x86.ActiveCfg = Release|Any CPU
		{CCBFAC65-B742-47B3-8F1F-9E90FFA4AAF8}.Release|x86.Build.0 = Release|Any CPU
		{08E4602A-1433-49DA-A595-16DA9717BBCF}.Debug|Any CPU.ActiveCfg = Debug|Any CPU
		{08E4602A-1433-49DA-A595-16DA9717BBCF}.Debug|Any CPU.Build.0 = Debug|Any CPU
		{08E4602A-1433-49DA-A595-16DA9717BBCF}.Debug|ARM.ActiveCfg = Debug|Any CPU
		{08E4602A-1433-49DA-A595-16DA9717BBCF}.Debug|ARM.Build.0 = Debug|Any CPU
		{08E4602A-1433-49DA-A595-16DA9717BBCF}.Debug|ARM64.ActiveCfg = Debug|Any CPU
		{08E4602A-1433-49DA-A595-16DA9717BBCF}.Debug|ARM64.Build.0 = Debug|Any CPU
		{08E4602A-1433-49DA-A595-16DA9717BBCF}.Debug|iPhone.ActiveCfg = Debug|Any CPU
		{08E4602A-1433-49DA-A595-16DA9717BBCF}.Debug|iPhone.Build.0 = Debug|Any CPU
		{08E4602A-1433-49DA-A595-16DA9717BBCF}.Debug|iPhoneSimulator.ActiveCfg = Debug|Any CPU
		{08E4602A-1433-49DA-A595-16DA9717BBCF}.Debug|iPhoneSimulator.Build.0 = Debug|Any CPU
		{08E4602A-1433-49DA-A595-16DA9717BBCF}.Debug|x64.ActiveCfg = Debug|Any CPU
		{08E4602A-1433-49DA-A595-16DA9717BBCF}.Debug|x64.Build.0 = Debug|Any CPU
		{08E4602A-1433-49DA-A595-16DA9717BBCF}.Debug|x86.ActiveCfg = Debug|Any CPU
		{08E4602A-1433-49DA-A595-16DA9717BBCF}.Debug|x86.Build.0 = Debug|Any CPU
		{08E4602A-1433-49DA-A595-16DA9717BBCF}.Release|Any CPU.ActiveCfg = Release|Any CPU
		{08E4602A-1433-49DA-A595-16DA9717BBCF}.Release|Any CPU.Build.0 = Release|Any CPU
		{08E4602A-1433-49DA-A595-16DA9717BBCF}.Release|ARM.ActiveCfg = Release|Any CPU
		{08E4602A-1433-49DA-A595-16DA9717BBCF}.Release|ARM.Build.0 = Release|Any CPU
		{08E4602A-1433-49DA-A595-16DA9717BBCF}.Release|ARM64.ActiveCfg = Release|Any CPU
		{08E4602A-1433-49DA-A595-16DA9717BBCF}.Release|ARM64.Build.0 = Release|Any CPU
		{08E4602A-1433-49DA-A595-16DA9717BBCF}.Release|iPhone.ActiveCfg = Release|Any CPU
		{08E4602A-1433-49DA-A595-16DA9717BBCF}.Release|iPhone.Build.0 = Release|Any CPU
		{08E4602A-1433-49DA-A595-16DA9717BBCF}.Release|iPhoneSimulator.ActiveCfg = Release|Any CPU
		{08E4602A-1433-49DA-A595-16DA9717BBCF}.Release|iPhoneSimulator.Build.0 = Release|Any CPU
		{08E4602A-1433-49DA-A595-16DA9717BBCF}.Release|x64.ActiveCfg = Release|Any CPU
		{08E4602A-1433-49DA-A595-16DA9717BBCF}.Release|x64.Build.0 = Release|Any CPU
		{08E4602A-1433-49DA-A595-16DA9717BBCF}.Release|x86.ActiveCfg = Release|Any CPU
		{08E4602A-1433-49DA-A595-16DA9717BBCF}.Release|x86.Build.0 = Release|Any CPU
		{930D252E-CF42-4BD1-9B58-DEA6D9326C10}.Debug|Any CPU.ActiveCfg = Debug|Any CPU
		{930D252E-CF42-4BD1-9B58-DEA6D9326C10}.Debug|Any CPU.Build.0 = Debug|Any CPU
		{930D252E-CF42-4BD1-9B58-DEA6D9326C10}.Debug|ARM.ActiveCfg = Debug|Any CPU
		{930D252E-CF42-4BD1-9B58-DEA6D9326C10}.Debug|ARM.Build.0 = Debug|Any CPU
		{930D252E-CF42-4BD1-9B58-DEA6D9326C10}.Debug|ARM64.ActiveCfg = Debug|Any CPU
		{930D252E-CF42-4BD1-9B58-DEA6D9326C10}.Debug|ARM64.Build.0 = Debug|Any CPU
		{930D252E-CF42-4BD1-9B58-DEA6D9326C10}.Debug|iPhone.ActiveCfg = Debug|Any CPU
		{930D252E-CF42-4BD1-9B58-DEA6D9326C10}.Debug|iPhone.Build.0 = Debug|Any CPU
		{930D252E-CF42-4BD1-9B58-DEA6D9326C10}.Debug|iPhoneSimulator.ActiveCfg = Debug|Any CPU
		{930D252E-CF42-4BD1-9B58-DEA6D9326C10}.Debug|iPhoneSimulator.Build.0 = Debug|Any CPU
		{930D252E-CF42-4BD1-9B58-DEA6D9326C10}.Debug|x64.ActiveCfg = Debug|Any CPU
		{930D252E-CF42-4BD1-9B58-DEA6D9326C10}.Debug|x64.Build.0 = Debug|Any CPU
		{930D252E-CF42-4BD1-9B58-DEA6D9326C10}.Debug|x86.ActiveCfg = Debug|Any CPU
		{930D252E-CF42-4BD1-9B58-DEA6D9326C10}.Debug|x86.Build.0 = Debug|Any CPU
		{930D252E-CF42-4BD1-9B58-DEA6D9326C10}.Release|Any CPU.ActiveCfg = Release|Any CPU
		{930D252E-CF42-4BD1-9B58-DEA6D9326C10}.Release|Any CPU.Build.0 = Release|Any CPU
		{930D252E-CF42-4BD1-9B58-DEA6D9326C10}.Release|ARM.ActiveCfg = Release|Any CPU
		{930D252E-CF42-4BD1-9B58-DEA6D9326C10}.Release|ARM.Build.0 = Release|Any CPU
		{930D252E-CF42-4BD1-9B58-DEA6D9326C10}.Release|ARM64.ActiveCfg = Release|Any CPU
		{930D252E-CF42-4BD1-9B58-DEA6D9326C10}.Release|ARM64.Build.0 = Release|Any CPU
		{930D252E-CF42-4BD1-9B58-DEA6D9326C10}.Release|iPhone.ActiveCfg = Release|Any CPU
		{930D252E-CF42-4BD1-9B58-DEA6D9326C10}.Release|iPhone.Build.0 = Release|Any CPU
		{930D252E-CF42-4BD1-9B58-DEA6D9326C10}.Release|iPhoneSimulator.ActiveCfg = Release|Any CPU
		{930D252E-CF42-4BD1-9B58-DEA6D9326C10}.Release|iPhoneSimulator.Build.0 = Release|Any CPU
		{930D252E-CF42-4BD1-9B58-DEA6D9326C10}.Release|x64.ActiveCfg = Release|Any CPU
		{930D252E-CF42-4BD1-9B58-DEA6D9326C10}.Release|x64.Build.0 = Release|Any CPU
		{930D252E-CF42-4BD1-9B58-DEA6D9326C10}.Release|x86.ActiveCfg = Release|Any CPU
		{930D252E-CF42-4BD1-9B58-DEA6D9326C10}.Release|x86.Build.0 = Release|Any CPU
		{78ACB5F8-7184-4308-A9F5-AEA0CA5FDC48}.Debug|Any CPU.ActiveCfg = Debug|Any CPU
		{78ACB5F8-7184-4308-A9F5-AEA0CA5FDC48}.Debug|Any CPU.Build.0 = Debug|Any CPU
		{78ACB5F8-7184-4308-A9F5-AEA0CA5FDC48}.Debug|ARM.ActiveCfg = Debug|Any CPU
		{78ACB5F8-7184-4308-A9F5-AEA0CA5FDC48}.Debug|ARM.Build.0 = Debug|Any CPU
		{78ACB5F8-7184-4308-A9F5-AEA0CA5FDC48}.Debug|ARM64.ActiveCfg = Debug|Any CPU
		{78ACB5F8-7184-4308-A9F5-AEA0CA5FDC48}.Debug|ARM64.Build.0 = Debug|Any CPU
		{78ACB5F8-7184-4308-A9F5-AEA0CA5FDC48}.Debug|iPhone.ActiveCfg = Debug|Any CPU
		{78ACB5F8-7184-4308-A9F5-AEA0CA5FDC48}.Debug|iPhone.Build.0 = Debug|Any CPU
		{78ACB5F8-7184-4308-A9F5-AEA0CA5FDC48}.Debug|iPhoneSimulator.ActiveCfg = Debug|Any CPU
		{78ACB5F8-7184-4308-A9F5-AEA0CA5FDC48}.Debug|iPhoneSimulator.Build.0 = Debug|Any CPU
		{78ACB5F8-7184-4308-A9F5-AEA0CA5FDC48}.Debug|x64.ActiveCfg = Debug|Any CPU
		{78ACB5F8-7184-4308-A9F5-AEA0CA5FDC48}.Debug|x64.Build.0 = Debug|Any CPU
		{78ACB5F8-7184-4308-A9F5-AEA0CA5FDC48}.Debug|x86.ActiveCfg = Debug|Any CPU
		{78ACB5F8-7184-4308-A9F5-AEA0CA5FDC48}.Debug|x86.Build.0 = Debug|Any CPU
		{78ACB5F8-7184-4308-A9F5-AEA0CA5FDC48}.Release|Any CPU.ActiveCfg = Release|Any CPU
		{78ACB5F8-7184-4308-A9F5-AEA0CA5FDC48}.Release|Any CPU.Build.0 = Release|Any CPU
		{78ACB5F8-7184-4308-A9F5-AEA0CA5FDC48}.Release|ARM.ActiveCfg = Release|Any CPU
		{78ACB5F8-7184-4308-A9F5-AEA0CA5FDC48}.Release|ARM.Build.0 = Release|Any CPU
		{78ACB5F8-7184-4308-A9F5-AEA0CA5FDC48}.Release|ARM64.ActiveCfg = Release|Any CPU
		{78ACB5F8-7184-4308-A9F5-AEA0CA5FDC48}.Release|ARM64.Build.0 = Release|Any CPU
		{78ACB5F8-7184-4308-A9F5-AEA0CA5FDC48}.Release|iPhone.ActiveCfg = Release|Any CPU
		{78ACB5F8-7184-4308-A9F5-AEA0CA5FDC48}.Release|iPhone.Build.0 = Release|Any CPU
		{78ACB5F8-7184-4308-A9F5-AEA0CA5FDC48}.Release|iPhoneSimulator.ActiveCfg = Release|Any CPU
		{78ACB5F8-7184-4308-A9F5-AEA0CA5FDC48}.Release|iPhoneSimulator.Build.0 = Release|Any CPU
		{78ACB5F8-7184-4308-A9F5-AEA0CA5FDC48}.Release|x64.ActiveCfg = Release|Any CPU
		{78ACB5F8-7184-4308-A9F5-AEA0CA5FDC48}.Release|x64.Build.0 = Release|Any CPU
		{78ACB5F8-7184-4308-A9F5-AEA0CA5FDC48}.Release|x86.ActiveCfg = Release|Any CPU
		{78ACB5F8-7184-4308-A9F5-AEA0CA5FDC48}.Release|x86.Build.0 = Release|Any CPU
		{B8E02477-A2A1-4FE7-AA6A-4B28846A6130}.Debug|Any CPU.ActiveCfg = Debug|Any CPU
		{B8E02477-A2A1-4FE7-AA6A-4B28846A6130}.Debug|Any CPU.Build.0 = Debug|Any CPU
		{B8E02477-A2A1-4FE7-AA6A-4B28846A6130}.Debug|ARM.ActiveCfg = Debug|Any CPU
		{B8E02477-A2A1-4FE7-AA6A-4B28846A6130}.Debug|ARM.Build.0 = Debug|Any CPU
		{B8E02477-A2A1-4FE7-AA6A-4B28846A6130}.Debug|ARM64.ActiveCfg = Debug|Any CPU
		{B8E02477-A2A1-4FE7-AA6A-4B28846A6130}.Debug|ARM64.Build.0 = Debug|Any CPU
		{B8E02477-A2A1-4FE7-AA6A-4B28846A6130}.Debug|iPhone.ActiveCfg = Debug|Any CPU
		{B8E02477-A2A1-4FE7-AA6A-4B28846A6130}.Debug|iPhone.Build.0 = Debug|Any CPU
		{B8E02477-A2A1-4FE7-AA6A-4B28846A6130}.Debug|iPhoneSimulator.ActiveCfg = Debug|Any CPU
		{B8E02477-A2A1-4FE7-AA6A-4B28846A6130}.Debug|iPhoneSimulator.Build.0 = Debug|Any CPU
		{B8E02477-A2A1-4FE7-AA6A-4B28846A6130}.Debug|x64.ActiveCfg = Debug|Any CPU
		{B8E02477-A2A1-4FE7-AA6A-4B28846A6130}.Debug|x64.Build.0 = Debug|Any CPU
		{B8E02477-A2A1-4FE7-AA6A-4B28846A6130}.Debug|x86.ActiveCfg = Debug|Any CPU
		{B8E02477-A2A1-4FE7-AA6A-4B28846A6130}.Debug|x86.Build.0 = Debug|Any CPU
		{B8E02477-A2A1-4FE7-AA6A-4B28846A6130}.Release|Any CPU.ActiveCfg = Release|Any CPU
		{B8E02477-A2A1-4FE7-AA6A-4B28846A6130}.Release|Any CPU.Build.0 = Release|Any CPU
		{B8E02477-A2A1-4FE7-AA6A-4B28846A6130}.Release|ARM.ActiveCfg = Release|Any CPU
		{B8E02477-A2A1-4FE7-AA6A-4B28846A6130}.Release|ARM.Build.0 = Release|Any CPU
		{B8E02477-A2A1-4FE7-AA6A-4B28846A6130}.Release|ARM64.ActiveCfg = Release|Any CPU
		{B8E02477-A2A1-4FE7-AA6A-4B28846A6130}.Release|ARM64.Build.0 = Release|Any CPU
		{B8E02477-A2A1-4FE7-AA6A-4B28846A6130}.Release|iPhone.ActiveCfg = Release|Any CPU
		{B8E02477-A2A1-4FE7-AA6A-4B28846A6130}.Release|iPhone.Build.0 = Release|Any CPU
		{B8E02477-A2A1-4FE7-AA6A-4B28846A6130}.Release|iPhoneSimulator.ActiveCfg = Release|Any CPU
		{B8E02477-A2A1-4FE7-AA6A-4B28846A6130}.Release|iPhoneSimulator.Build.0 = Release|Any CPU
		{B8E02477-A2A1-4FE7-AA6A-4B28846A6130}.Release|x64.ActiveCfg = Release|Any CPU
		{B8E02477-A2A1-4FE7-AA6A-4B28846A6130}.Release|x64.Build.0 = Release|Any CPU
		{B8E02477-A2A1-4FE7-AA6A-4B28846A6130}.Release|x86.ActiveCfg = Release|Any CPU
		{B8E02477-A2A1-4FE7-AA6A-4B28846A6130}.Release|x86.Build.0 = Release|Any CPU
		{E4BE91AA-65DE-420C-B5B8-BBEF35614F87}.Debug|Any CPU.ActiveCfg = Debug|Any CPU
		{E4BE91AA-65DE-420C-B5B8-BBEF35614F87}.Debug|Any CPU.Build.0 = Debug|Any CPU
		{E4BE91AA-65DE-420C-B5B8-BBEF35614F87}.Debug|ARM.ActiveCfg = Debug|Any CPU
		{E4BE91AA-65DE-420C-B5B8-BBEF35614F87}.Debug|ARM.Build.0 = Debug|Any CPU
		{E4BE91AA-65DE-420C-B5B8-BBEF35614F87}.Debug|ARM64.ActiveCfg = Debug|Any CPU
		{E4BE91AA-65DE-420C-B5B8-BBEF35614F87}.Debug|ARM64.Build.0 = Debug|Any CPU
		{E4BE91AA-65DE-420C-B5B8-BBEF35614F87}.Debug|iPhone.ActiveCfg = Debug|Any CPU
		{E4BE91AA-65DE-420C-B5B8-BBEF35614F87}.Debug|iPhone.Build.0 = Debug|Any CPU
		{E4BE91AA-65DE-420C-B5B8-BBEF35614F87}.Debug|iPhoneSimulator.ActiveCfg = Debug|Any CPU
		{E4BE91AA-65DE-420C-B5B8-BBEF35614F87}.Debug|iPhoneSimulator.Build.0 = Debug|Any CPU
		{E4BE91AA-65DE-420C-B5B8-BBEF35614F87}.Debug|x64.ActiveCfg = Debug|Any CPU
		{E4BE91AA-65DE-420C-B5B8-BBEF35614F87}.Debug|x64.Build.0 = Debug|Any CPU
		{E4BE91AA-65DE-420C-B5B8-BBEF35614F87}.Debug|x86.ActiveCfg = Debug|Any CPU
		{E4BE91AA-65DE-420C-B5B8-BBEF35614F87}.Debug|x86.Build.0 = Debug|Any CPU
		{E4BE91AA-65DE-420C-B5B8-BBEF35614F87}.Release|Any CPU.ActiveCfg = Release|Any CPU
		{E4BE91AA-65DE-420C-B5B8-BBEF35614F87}.Release|Any CPU.Build.0 = Release|Any CPU
		{E4BE91AA-65DE-420C-B5B8-BBEF35614F87}.Release|ARM.ActiveCfg = Release|Any CPU
		{E4BE91AA-65DE-420C-B5B8-BBEF35614F87}.Release|ARM.Build.0 = Release|Any CPU
		{E4BE91AA-65DE-420C-B5B8-BBEF35614F87}.Release|ARM64.ActiveCfg = Release|Any CPU
		{E4BE91AA-65DE-420C-B5B8-BBEF35614F87}.Release|ARM64.Build.0 = Release|Any CPU
		{E4BE91AA-65DE-420C-B5B8-BBEF35614F87}.Release|iPhone.ActiveCfg = Release|Any CPU
		{E4BE91AA-65DE-420C-B5B8-BBEF35614F87}.Release|iPhone.Build.0 = Release|Any CPU
		{E4BE91AA-65DE-420C-B5B8-BBEF35614F87}.Release|iPhoneSimulator.ActiveCfg = Release|Any CPU
		{E4BE91AA-65DE-420C-B5B8-BBEF35614F87}.Release|iPhoneSimulator.Build.0 = Release|Any CPU
		{E4BE91AA-65DE-420C-B5B8-BBEF35614F87}.Release|x64.ActiveCfg = Release|Any CPU
		{E4BE91AA-65DE-420C-B5B8-BBEF35614F87}.Release|x64.Build.0 = Release|Any CPU
		{E4BE91AA-65DE-420C-B5B8-BBEF35614F87}.Release|x86.ActiveCfg = Release|Any CPU
		{E4BE91AA-65DE-420C-B5B8-BBEF35614F87}.Release|x86.Build.0 = Release|Any CPU
	EndGlobalSection
	GlobalSection(SolutionProperties) = preSolution
		HideSolutionNode = FALSE
	EndGlobalSection
	GlobalSection(NestedProjects) = preSolution
		{A13FD5C2-3AE4-408E-8754-FA232B96C7AE} = {2F8E6E1B-6C2A-4B7D-9C3E-1A2B3C4D5E6F}
		{C4A26D50-9725-4E4F-9C72-0BCF719E38E9} = {8BB1CBB1-9E1D-4C6F-8664-F503ACFA2E71}
		{2A16BA0B-1E26-4574-9F91-AEF9B0DBE6B1} = {2F8E6E1B-6C2A-4B7D-9C3E-1A2B3C4D5E6F}
		{865BAA98-E531-425E-9DDD-9D569D1297CD} = {2F8E6E1B-6C2A-4B7D-9C3E-1A2B3C4D5E6F}
		{CCBFAC65-B742-47B3-8F1F-9E90FFA4AAF8} = {2F8E6E1B-6C2A-4B7D-9C3E-1A2B3C4D5E6F}
		{08E4602A-1433-49DA-A595-16DA9717BBCF} = {2F8E6E1B-6C2A-4B7D-9C3E-1A2B3C4D5E6F}
		{930D252E-CF42-4BD1-9B58-DEA6D9326C10} = {8BB1CBB1-9E1D-4C6F-8664-F503ACFA2E71}
		{78ACB5F8-7184-4308-A9F5-AEA0CA5FDC48} = {8BB1CBB1-9E1D-4C6F-8664-F503ACFA2E71}
		{B8E02477-A2A1-4FE7-AA6A-4B28846A6130} = {8BB1CBB1-9E1D-4C6F-8664-F503ACFA2E71}
		{E4BE91AA-65DE-420C-B5B8-BBEF35614F87} = {8BB1CBB1-9E1D-4C6F-8664-F503ACFA2E71}
	EndGlobalSection
	GlobalSection(ExtensibilityGlobals) = postSolution
		SolutionGuid = {0513DDF9-08F3-4CCE-90C3-BE985023BF48}
	EndGlobalSection
EndGlobal
